# Замок правил самопроверки clave-dev. Не редактировать руками.
#
# Любая правка защищённого файла роняет тест, пока замок не перевыпущен ОСОЗНАННО:
#     python3 scripts/relock_rules.py
#
# Смысл: правило нельзя выпотрошить тихо. Снести можно — но только с этой строкой в диффе.
# Увидел RULES.lock в изменениях — спроси зачем.

tests/test_gates_can_fail.py 5d8a32c9390490f05f6eeb56f6bf730e1bef57ab96ae5c0e39ee8f3bceeb13ce
tests/test_unverified.py 0b3a1bc4ee0772ea8d8a155c9e58a2948926224aaf1d941dccb2c53669a656bf
tests/test_no_dead_modules.py af7547ec7ec2c57ea24d882bbc330d265cf9b0334e360f5d09fdd3e8889d8050
tests/test_rules_are_enforced.py 89a47c4901777728b0d235ae91b9fed39c5c384a96c8f9d2ccba6f66314d259b
scripts/prove_gate.py c24721fe55fae0758d5dd8b21ded97ae89e6fa2f8369d0103c0ed368192f5b37
scripts/prove_no_dead_modules.py b01ee3b6da44c2d4f3cb68018c785f633171a1773609acfb7138025b59ab40bc
clave_dev/unverified.py 103588f6b7525af3c18a1940fbc0d7c0fef69e0c5f62c09188dde8a08db4e7f6
../../.github/workflows/dev-rules.yml 5688c2d578a9cbf2d2ac5ba6fab26db9f6b970ea9310e83008c007252edbcf10
