# Замок правил самопроверки clave-dev. Не редактировать руками.
#
# Любая правка защищённого файла роняет тест, пока замок не перевыпущен ОСОЗНАННО:
#     python3 scripts/relock_rules.py
#
# Смысл: правило нельзя выпотрошить тихо. Снести можно — но только с этой строкой в диффе.
# Увидел RULES.lock в изменениях — спроси зачем.

tests/test_gates_can_fail.py 2fcb3c1f7c4287bca62916aefeabe6fe7889426b7a956a2c9b9a4a38ee56a576
tests/test_unverified.py 0b3a1bc4ee0772ea8d8a155c9e58a2948926224aaf1d941dccb2c53669a656bf
tests/test_no_dead_modules.py af7547ec7ec2c57ea24d882bbc330d265cf9b0334e360f5d09fdd3e8889d8050
tests/test_rules_are_enforced.py 64004191d5515f4189c977c1b7569ffade7471fe8831edd74e9ecacbbe015ac9
scripts/prove_gate.py 5a93d4b5c5c0f7fb84a51f1066cedbf625e27d1c284b715d4b988bd9a2beabee
scripts/prove_no_dead_modules.py 94ae8be08f50a3c21861b7b17a668c2dd3dd58750d0a4b6f76fe1ac2acadcb5d
clave_dev/unverified.py 103588f6b7525af3c18a1940fbc0d7c0fef69e0c5f62c09188dde8a08db4e7f6
../../.github/workflows/dev-rules.yml 5688c2d578a9cbf2d2ac5ba6fab26db9f6b970ea9310e83008c007252edbcf10
