# Замок правил самопроверки clave-dev. Не редактировать руками.
#
# Любая правка защищённого файла роняет тест, пока замок не перевыпущен ОСОЗНАННО:
#     python3 scripts/relock_rules.py
#
# Смысл: правило нельзя выпотрошить тихо. Снести можно — но только с этой строкой в диффе.
# Увидел RULES.lock в изменениях — спроси зачем.

tests/test_gates_can_fail.py 50504d95cbccf8af6fccad49e0b5dc1996ef1f51ac2f033bb83a4c4596f1f5ef
tests/test_unverified.py 54678879dda3fb528f699346c0d73904f9816769c15dadbe466121f68afa7728
tests/test_no_dead_modules.py af7547ec7ec2c57ea24d882bbc330d265cf9b0334e360f5d09fdd3e8889d8050
tests/test_rules_are_enforced.py ad947ca9f0de7c03e30fbb3f5d9416ef905b2129951cc1b6d0fb4a8c2d9a8736
scripts/prove_gate.py fd36c2de8d6b3d5888ff36d392ba39103918e951fba89d4202e756321f498f87
scripts/prove_no_dead_modules.py b01ee3b6da44c2d4f3cb68018c785f633171a1773609acfb7138025b59ab40bc
scripts/neuter.py 8d55461fcb2607394021dae89abd284f75eb8f438e0c38293e0d95e33bffd495
clave_dev/mutation_py.py bcedd397fe36b3708479113503d03517edbdf79fc21d277fdd8e57eec4a8910f
clave_dev/unverified.py 90096998d912fd96d048ed7d57d7e8a6aa86a1b733d7ca82122004b059cfdda7
../../.github/workflows/dev-rules.yml 91327159bae92c912a91a1d421fa7b5ce6300a19e875891a28b5c67fcd673ab2
../../.github/workflows/self-dev-guard.yml df1e9cf64ebaa9eb4b2451b0d806b592e224f7ce1f0822e8fd9843509af03bd2
../../dist-workspace.toml c2c159dda5e544ccbd379062290f82a888af028573743eceeda97464c703d789
